<Solution>
  <Folder Name="/tests/">
    <Project Path="tests/api-server.IntegrationTests/api-server.IntegrationTests.csproj" />
  </Folder>
  <Project Path="../server-side-commons/exs.commons/exs.commons.csproj" />
  <Project Path="../server-side-commons/exs.databaseCommons/exs.databaseCommons.csproj" />
  <Project Path="../server-side-commons/exs.dbContextCommons/exs.dbContextCommons.csproj" />
  <Project Path="../server-side-commons/exs.modelCommons/exs.modelCommons.csproj" />
  <Project Path="../server-side-commons/exs.webCommons/exs.webCommons.csproj" />
  <Project Path="../server-side-notifications/exs.notifications-database/exs.notifications-database.csproj" />
  <Project Path="../server-side-notifications/exs.notifications-model/exs.notifications-model.csproj" />
  <Project Path="../server-side-notifications/exs.notifications-service/exs.notifications-service.csproj" />
  <Project Path="api-server/api-server.csproj" />
  <Project Path="db-model/db-model.csproj" />
  <Project Path="main-database/main-database.csproj" />
</Solution>
